{
  "name": "tokenization-platform",
  "lockfileVersion": 3,
  "requires": true,
  "packages": {
    "": {
      "name": "tokenization-platform",
      "workspaces": [
        "app",
        "contracts"
      ],
      "devDependencies": {
        "turbo": "^2.0.6"
      }
    },
    "node_modules/turbo": {
      "version": "2.0.6",
      "resolved": "https://registry.npmjs.org/turbo/-/turbo-2.0.6.tgz",
      "integrity": "sha512-/Ftmxd5Mq//a9yMonvmwENNUN65jOVTwhhBPQjEtNZutYT9YKyzydFGLyVM1nzhpLWahQSMamRc/RDBv5EapzA==",
      "dev": true,
      "bin": {
        "turbo": "bin/turbo"
      },
      "optionalDependencies": {
        "turbo-darwin-64": "2.0.6",
        "turbo-darwin-arm64": "2.0.6",
        "turbo-linux-64": "2.0.6",
        "turbo-linux-arm64": "2.0.6",
        "turbo-windows-64": "2.0.6",
        "turbo-windows-arm64": "2.0.6"
      }
    },
    "node_modules/turbo-darwin-64": {
      "version": "2.0.6",
      "resolved": "https://registry.npmjs.org/turbo-darwin-64/-/turbo-darwin-64-2.0.6.tgz",
      "integrity": "sha512-XpgBwWj3Ggmz/gQVqXdMKXHC1iFPMDiuwugLwSzE7Ih0O13JuNtYZKhQnopvbDQnFQCeRq2Vsm5OTWabg/oB/g==",
      "cpu": [
        "x64"
      ],
      "dev": true,
      "optional": true,
      "os": [
        "darwin"
      ]
    },
    "node_modules/turbo-darwin-arm64": {
      "version": "2.0.6",
      "resolved": "https://registry.npmjs.org/turbo-darwin-arm64/-/turbo-darwin-arm64-2.0.6.tgz",
      "integrity": "sha512-RfeZYXIAkiA21E8lsvfptGTqz/256YD+eI1x37fedfvnHFWuIMFZGAOwJxtZc6QasQunDZ9TRRREbJNI68tkIw==",
      "cpu": [
        "arm64"
      ],
      "dev": true,
      "optional": true,
      "os": [
        "darwin"
      ]
    },
    "node_modules/turbo-linux-64": {
      "version": "2.0.6",
      "resolved": "https://registry.npmjs.org/turbo-linux-64/-/turbo-linux-64-2.0.6.tgz",
      "integrity": "sha512-92UDa0xNQQbx0HdSp9ag3YSS3xPdavhc7q9q9mxIAcqyjjD6VElA4Y85m4F/DDGE5SolCrvBz2sQhVmkOd6Caw==",
      "cpu": [
        "x64"
      ],
      "dev": true,
      "optional": true,
      "os": [
        "linux"
      ]
    },
    "node_modules/turbo-linux-arm64": {
      "version": "2.0.6",
      "resolved": "https://registry.npmjs.org/turbo-linux-arm64/-/turbo-linux-arm64-2.0.6.tgz",
      "integrity": "sha512-eQKu6utCVUkIH2kqOzD8OS6E0ba6COjWm6PRDTNCHQRljZW503ycaTUIdMOiJrVg1MkEjDyOReUg8s8D18aJ4Q==",
      "cpu": [
        "arm64"
      ],
      "dev": true,
      "optional": true,
      "os": [
        "linux"
      ]
    },
    "node_modules/turbo-windows-64": {
      "version": "2.0.6",
      "resolved": "https://registry.npmjs.org/turbo-windows-64/-/turbo-windows-64-2.0.6.tgz",
      "integrity": "sha512-+9u4EPrpoeHYCQ46dRcou9kbkSoelhOelHNcbs2d86D6ruYD/oIAHK9qgYK8LeARRz0jxhZIA/dWYdYsxJJWkw==",
      "cpu": [
        "x64"
      ],
      "dev": true,
      "optional": true,
      "os": [
        "win32"
      ]
    },
    "node_modules/turbo-windows-arm64": {
      "version": "2.0.6",
      "resolved": "https://registry.npmjs.org/turbo-windows-arm64/-/turbo-windows-arm64-2.0.6.tgz",
      "integrity": "sha512-rdrKL+p+EjtdDVg0wQ/7yTbzkIYrnb0Pw4IKcjsy3M0RqUM9UcEi67b94XOAyTa5a0GqJL1+tUj2ebsFGPgZbg==",
      "cpu": [
        "arm64"
      ],
      "dev": true,
      "optional": true,
      "os": [
        "win32"
      ]
    }
  }
}
